
Microsoft Visual Studio Solution File, Format Version 12.00
# Visual Studio 2012
Project("{FAE04EC0-301F-11D3-BF4B-00C04F79EFBC}") = "DataAccess", "DataAccess\DataAccess.csproj", "{98763B5D-87FE-439A-AE7B-8D28069EBD6C}"
EndProject
Project("{FAE04EC0-301F-11D3-BF4B-00C04F79EFBC}") = "Web", "Web\Web.csproj", "{4FF9DEF3-1F9A-48D9-8892-F277E29235A1}"
EndProject
Project("{FAE04EC0-301F-11D3-BF4B-00C04F79EFBC}") = "Map", "Map\Map.csproj", "{1D12925B-515E-4955-8BA2-5398735DAE66}"
EndProject
Global
	GlobalSection(SolutionConfigurationPlatforms) = preSolution
		Debug|Any CPU = Debug|Any CPU
		Release|Any CPU = Release|Any CPU
	EndGlobalSection
	GlobalSection(ProjectConfigurationPlatforms) = postSolution
		{98763B5D-87FE-439A-AE7B-8D28069EBD6C}.Debug|Any CPU.ActiveCfg = Debug|Any CPU
		{98763B5D-87FE-439A-AE7B-8D28069EBD6C}.Debug|Any CPU.Build.0 = Debug|Any CPU
		{98763B5D-87FE-439A-AE7B-8D28069EBD6C}.Release|Any CPU.ActiveCfg = Release|Any CPU
		{98763B5D-87FE-439A-AE7B-8D28069EBD6C}.Release|Any CPU.Build.0 = Release|Any CPU
		{4FF9DEF3-1F9A-48D9-8892-F277E29235A1}.Debug|Any CPU.ActiveCfg = Debug|Any CPU
		{4FF9DEF3-1F9A-48D9-8892-F277E29235A1}.Debug|Any CPU.Build.0 = Debug|Any CPU
		{4FF9DEF3-1F9A-48D9-8892-F277E29235A1}.Release|Any CPU.ActiveCfg = Release|Any CPU
		{4FF9DEF3-1F9A-48D9-8892-F277E29235A1}.Release|Any CPU.Build.0 = Release|Any CPU
		{1D12925B-515E-4955-8BA2-5398735DAE66}.Debug|Any CPU.ActiveCfg = Debug|Any CPU
		{1D12925B-515E-4955-8BA2-5398735DAE66}.Debug|Any CPU.Build.0 = Debug|Any CPU
		{1D12925B-515E-4955-8BA2-5398735DAE66}.Release|Any CPU.ActiveCfg = Release|Any CPU
		{1D12925B-515E-4955-8BA2-5398735DAE66}.Release|Any CPU.Build.0 = Release|Any CPU
	EndGlobalSection
	GlobalSection(SolutionProperties) = preSolution
		HideSolutionNode = FALSE
	EndGlobalSection
EndGlobal
